<?xml version="1.0" encoding="utf-8"?>
<Project ToolsVersion="4.0" xmlns="http://schemas.microsoft.com/developer/msbuild/2003">
  <ItemGroup>
    <Filter Include="Source Files">
      <UniqueIdentifier>{4FC737F1-C7A5-4376-A066-2A32D752A2FF}</UniqueIdentifier>
      <Extensions>cpp;c;cc;cxx;c++;cppm;ixx;def;odl;idl;hpj;bat;asm;asmx</Extensions>
    </Filter>
    <Filter Include="Libraries">
      <UniqueIdentifier>{e487bec6-cda7-420d-8f07-edf083a2b3f8}</UniqueIdentifier>
    </Filter>
    <Filter Include="Libraries\HIDra">
      <UniqueIdentifier>{c687183e-9006-4632-b422-f5ce93161e5f}</UniqueIdentifier>
    </Filter>
    <Filter Include="Libraries\HIDra\Gamepad">
      <UniqueIdentifier>{a194d529-5d37-49f9-98a6-ef113b01d8cd}</UniqueIdentifier>
    </Filter>
    <Filter Include="Libraries\HIDra\Keyboard">
      <UniqueIdentifier>{98039e80-54c4-49e9-b1f6-1f2671402365}</UniqueIdentifier>
    </Filter>
    <Filter Include="Libraries\HIDra\Platforms">
      <UniqueIdentifier>{db5e9ad8-76aa-4cfc-99c5-afde05c41608}</UniqueIdentifier>
    </Filter>
    <Filter Include="Libraries\HIDra\Platforms\Windows">
      <UniqueIdentifier>{b1d72419-d168-4a2d-98c1-9396f97a195e}</UniqueIdentifier>
    </Filter>
    <Filter Include="Libraries\HIDra\Platforms\Windows\Gamepad">
      <UniqueIdentifier>{0ca9ce70-5f7c-4cd6-8fe0-20b2a60e5649}</UniqueIdentifier>
    </Filter>
    <Filter Include="Libraries\HIDra\Platforms\Windows\Keyboard">
      <UniqueIdentifier>{c7183962-0421-4179-89ea-8114d4cf7da9}</UniqueIdentifier>
    </Filter>
  </ItemGroup>
  <ItemGroup>
    <ClCompile Include="Libraries\HIDra\HIDra.cpp">
      <Filter>Libraries\HIDra</Filter>
    </ClCompile>
    <ClCompile Include="Libraries\HIDra\HIDraTypes.cpp">
      <Filter>Libraries\HIDra</Filter>
    </ClCompile>
    <ClCompile Include="Libraries\HIDra\Gamepad\HIDraGamepad.cpp">
      <Filter>Libraries\HIDra\Gamepad</Filter>
    </ClCompile>
    <ClCompile Include="Libraries\HIDra\Gamepad\HIDraGamepadManager.cpp">
      <Filter>Libraries\HIDra\Gamepad</Filter>
    </ClCompile>
    <ClCompile Include="Libraries\HIDra\Gamepad\HIDraGenericGamepad.cpp">
      <Filter>Libraries\HIDra\Gamepad</Filter>
    </ClCompile>
    <ClCompile Include="Libraries\HIDra\Keyboard\HIDraKeyboardManager.cpp">
      <Filter>Libraries\HIDra\Keyboard</Filter>
    </ClCompile>
    <ClCompile Include="Libraries\HIDra\Platforms\Windows\HIDraCore_Windows.cpp">
      <Filter>Libraries\HIDra\Platforms\Windows</Filter>
    </ClCompile>
    <ClCompile Include="Libraries\HIDra\Platforms\Windows\Gamepad\HIDraGamepad_Windows.cpp">
      <Filter>Libraries\HIDra\Platforms\Windows\Gamepad</Filter>
    </ClCompile>
    <ClCompile Include="Libraries\HIDra\Platforms\Windows\Gamepad\HIDraGamepadDecoder_Windows.cpp">
      <Filter>Libraries\HIDra\Platforms\Windows\Gamepad</Filter>
    </ClCompile>
    <ClCompile Include="Libraries\HIDra\Platforms\Windows\Keyboard\HIDraKeyCodeTranslator_Windows.cpp">
      <Filter>Libraries\HIDra\Platforms\Windows\Keyboard</Filter>
    </ClCompile>
  </ItemGroup>
  <ItemGroup>
    <ClInclude Include="Libraries\HIDra\HIDra.h">
      <Filter>Libraries\HIDra</Filter>
    </ClInclude>
    <ClInclude Include="Libraries\HIDra\HIDraDefs.h">
      <Filter>Libraries\HIDra</Filter>
    </ClInclude>
    <ClInclude Include="Libraries\HIDra\HIDraEnums.h">
      <Filter>Libraries\HIDra</Filter>
    </ClInclude>
    <ClInclude Include="Libraries\HIDra\HIDraTypes.h">
      <Filter>Libraries\HIDra</Filter>
    </ClInclude>
    <ClInclude Include="Libraries\HIDra\Gamepad\HIDraGamepad.h">
      <Filter>Libraries\HIDra\Gamepad</Filter>
    </ClInclude>
    <ClInclude Include="Libraries\HIDra\Gamepad\HIDraGamepadManager.h">
      <Filter>Libraries\HIDra\Gamepad</Filter>
    </ClInclude>
    <ClInclude Include="Libraries\HIDra\Gamepad\HIDraGenericGamepad.h">
      <Filter>Libraries\HIDra\Gamepad</Filter>
    </ClInclude>
    <ClInclude Include="Libraries\HIDra\Gamepad\HIDraHIDDatabase.h">
      <Filter>Libraries\HIDra\Gamepad</Filter>
    </ClInclude>
    <ClInclude Include="Libraries\HIDra\Keyboard\HIDraKeyboardManager.h">
      <Filter>Libraries\HIDra\Keyboard</Filter>
    </ClInclude>
    <ClInclude Include="Libraries\HIDra\Platforms\Windows\HIDraCore_Windows.h">
      <Filter>Libraries\HIDra\Platforms\Windows</Filter>
    </ClInclude>
    <ClInclude Include="Libraries\HIDra\Platforms\Windows\Gamepad\HIDraGamepad_Windows.h">
      <Filter>Libraries\HIDra\Platforms\Windows\Gamepad</Filter>
    </ClInclude>
    <ClInclude Include="Libraries\HIDra\Platforms\Windows\Gamepad\HIDraGamepadDecoder_Windows.h">
      <Filter>Libraries\HIDra\Platforms\Windows\Gamepad</Filter>
    </ClInclude>
    <ClInclude Include="Libraries\HIDra\Platforms\Windows\Keyboard\HIDraKeyCodeTranslator_Windows.h">
      <Filter>Libraries\HIDra\Platforms\Windows\Keyboard</Filter>
    </ClInclude>
  </ItemGroup>
  <ItemGroup>
    <None Include="Libraries\HIDra\Platforms\HIDraPlatformInclude.inl">
      <Filter>Libraries\HIDra\Platforms</Filter>
    </None>
  </ItemGroup>
</Project>